// !$*UTF8*$!
{
	archiveVersion = 1;
	classes = {
	};
	objectVersion = 52;
	objects = {

/* Begin PBXBuildFile section */
		190CDBB826B14D5A00E9F71D /* DIContainer.swift in Sources */ = {isa = PBXBuildFile; fileRef = 190CDBB726B14D5A00E9F71D /* DIContainer.swift */; };
		190CDBBA26B1560B00E9F71D /* Notification+.swift in Sources */ = {isa = PBXBuildFile; fileRef = 190CDBB926B1560B00E9F71D /* Notification+.swift */; };
		1910B08A26AD5AE6003AF35F /* Formatter.swift in Sources */ = {isa = PBXBuildFile; fileRef = 1910B08926AD5AE6003AF35F /* Formatter.swift */; };
		1910B08F26AD6585003AF35F /* MusicPlayerBottomView+SongInfoView.swift in Sources */ = {isa = PBXBuildFile; fileRef = 1910B08E26AD6585003AF35F /* MusicPlayerBottomView+SongInfoView.swift */; };
		1920877626ABDED3006F8B11 /* ViewArrayBuilder.swift in Sources */ = {isa = PBXBuildFile; fileRef = 1920877526ABDED3006F8B11 /* ViewArrayBuilder.swift */; };
		1920877926ABE201006F8B11 /* Then in Frameworks */ = {isa = PBXBuildFile; productRef = 1920877826ABE201006F8B11 /* Then */; };
		1920877E26ABE47B006F8B11 /* MusicPlayerBottomView.swift in Sources */ = {isa = PBXBuildFile; fileRef = 1920877D26ABE47B006F8B11 /* MusicPlayerBottomView.swift */; };
		1920878026ABE487006F8B11 /* MusicPlayerTopView.swift in Sources */ = {isa = PBXBuildFile; fileRef = 1920877F26ABE487006F8B11 /* MusicPlayerTopView.swift */; };
		1920878426ABE542006F8B11 /* MusicPlayerBottomViewModel.swift in Sources */ = {isa = PBXBuildFile; fileRef = 1920878326ABE542006F8B11 /* MusicPlayerBottomViewModel.swift */; };
		1920878626ABE54C006F8B11 /* MusicPlayerTopViewModel.swift in Sources */ = {isa = PBXBuildFile; fileRef = 1920878526ABE54C006F8B11 /* MusicPlayerTopViewModel.swift */; };
		19210382268F1E1E0063AA78 /* AppDelegate.swift in Sources */ = {isa = PBXBuildFile; fileRef = 19210381268F1E1E0063AA78 /* AppDelegate.swift */; };
		1921038B268F1E1F0063AA78 /* Assets.xcassets in Resources */ = {isa = PBXBuildFile; fileRef = 1921038A268F1E1F0063AA78 /* Assets.xcassets */; };
		1921038E268F1E1F0063AA78 /* LaunchScreen.storyboard in Resources */ = {isa = PBXBuildFile; fileRef = 1921038C268F1E1F0063AA78 /* LaunchScreen.storyboard */; };
		19210397268F21230063AA78 /* SnapKit in Frameworks */ = {isa = PBXBuildFile; productRef = 19210396268F21230063AA78 /* SnapKit */; };
		19210399268F22180063AA78 /* MusicPlayerViewController.swift in Sources */ = {isa = PBXBuildFile; fileRef = 19210398268F22180063AA78 /* MusicPlayerViewController.swift */; };
		1921039B268F22220063AA78 /* MusicPlayerLyricView.swift in Sources */ = {isa = PBXBuildFile; fileRef = 1921039A268F22220063AA78 /* MusicPlayerLyricView.swift */; };
		1921039D268F228F0063AA78 /* Music.swift in Sources */ = {isa = PBXBuildFile; fileRef = 1921039C268F228F0063AA78 /* Music.swift */; };
		1921039F268F6B6F0063AA78 /* MusicPlayerViewModel.swift in Sources */ = {isa = PBXBuildFile; fileRef = 1921039E268F6B6F0063AA78 /* MusicPlayerViewModel.swift */; };
		192103A6268F75AB0063AA78 /* UIView+.swift in Sources */ = {isa = PBXBuildFile; fileRef = 192103A5268F75AB0063AA78 /* UIView+.swift */; };
		192103AA268F75E00063AA78 /* MusicPlayerLyricViewModel.swift in Sources */ = {isa = PBXBuildFile; fileRef = 192103A9268F75E00063AA78 /* MusicPlayerLyricViewModel.swift */; };
		192103AD269189E80063AA78 /* MusicAPIError.swift in Sources */ = {isa = PBXBuildFile; fileRef = 192103AC269189E80063AA78 /* MusicAPIError.swift */; };
		192103B026918C890063AA78 /* MusicPlayer.swift in Sources */ = {isa = PBXBuildFile; fileRef = 192103AF26918C890063AA78 /* MusicPlayer.swift */; };
		192103B326918CFC0063AA78 /* Seekbar.swift in Sources */ = {isa = PBXBuildFile; fileRef = 192103B226918CFC0063AA78 /* Seekbar.swift */; };
		192103B526918D600063AA78 /* MusicControlView.swift in Sources */ = {isa = PBXBuildFile; fileRef = 192103B426918D600063AA78 /* MusicControlView.swift */; };
		192103B726918E6F0063AA78 /* RepeatControl.swift in Sources */ = {isa = PBXBuildFile; fileRef = 192103B626918E6F0063AA78 /* RepeatControl.swift */; };
		192103B926918E8B0063AA78 /* PrecedentControl.swift in Sources */ = {isa = PBXBuildFile; fileRef = 192103B826918E8B0063AA78 /* PrecedentControl.swift */; };
		192103BB26918E930063AA78 /* MusicControl.swift in Sources */ = {isa = PBXBuildFile; fileRef = 192103BA26918E930063AA78 /* MusicControl.swift */; };
		192103BD269190810063AA78 /* PlayPauseControl.swift in Sources */ = {isa = PBXBuildFile; fileRef = 192103BC269190810063AA78 /* PlayPauseControl.swift */; };
		192103BF269190880063AA78 /* SubsequentControl.swift in Sources */ = {isa = PBXBuildFile; fileRef = 192103BE269190880063AA78 /* SubsequentControl.swift */; };
		192103C12691908D0063AA78 /* ShuffleControl.swift in Sources */ = {isa = PBXBuildFile; fileRef = 192103C02691908D0063AA78 /* ShuffleControl.swift */; };
		192103C3269199C30063AA78 /* MusicAPIEnvironment.swift in Sources */ = {isa = PBXBuildFile; fileRef = 192103C2269199C30063AA78 /* MusicAPIEnvironment.swift */; };
		192103C52691A2110063AA78 /* MusicAPI.swift in Sources */ = {isa = PBXBuildFile; fileRef = 192103C42691A2110063AA78 /* MusicAPI.swift */; };
		196B9FA126BF8FE300CBA07B /* Log.swift in Sources */ = {isa = PBXBuildFile; fileRef = 196B9FA026BF8FE300CBA07B /* Log.swift */; };
		196B9FA326BF97AE00CBA07B /* UIAlertController+.swift in Sources */ = {isa = PBXBuildFile; fileRef = 196B9FA226BF97AE00CBA07B /* UIAlertController+.swift */; };
		196B9FA526BF9AB400CBA07B /* NavigationInteractable.swift in Sources */ = {isa = PBXBuildFile; fileRef = 196B9FA426BF9AB400CBA07B /* NavigationInteractable.swift */; };
		196B9FA826BFCB5800CBA07B /* Lyrics.swift in Sources */ = {isa = PBXBuildFile; fileRef = 196B9FA726BFCB5800CBA07B /* Lyrics.swift */; };
		19FB08BF26BFF2DB00683501 /* MusicPlayerRootUIInteractable.swift in Sources */ = {isa = PBXBuildFile; fileRef = 19FB08BE26BFF2DB00683501 /* MusicPlayerRootUIInteractable.swift */; };
		19FB08C126BFF34600683501 /* MusicPlayerDisplayingInfo.swift in Sources */ = {isa = PBXBuildFile; fileRef = 19FB08C026BFF34600683501 /* MusicPlayerDisplayingInfo.swift */; };
		19FB08C326BFF80400683501 /* MusicInteractable.swift in Sources */ = {isa = PBXBuildFile; fileRef = 19FB08C226BFF80400683501 /* MusicInteractable.swift */; };
		19FB08C626C0044200683501 /* MusicPlayerLyricCell.swift in Sources */ = {isa = PBXBuildFile; fileRef = 19FB08C526C0044200683501 /* MusicPlayerLyricCell.swift */; };
/* End PBXBuildFile section */

/* Begin PBXFileReference section */
		190CDBB726B14D5A00E9F71D /* DIContainer.swift */ = {isa = PBXFileReference; lastKnownFileType = sourcecode.swift; path = DIContainer.swift; sourceTree = "<group>"; };
		190CDBB926B1560B00E9F71D /* Notification+.swift */ = {isa = PBXFileReference; lastKnownFileType = sourcecode.swift; path = "Notification+.swift"; sourceTree = "<group>"; };
		1910B08926AD5AE6003AF35F /* Formatter.swift */ = {isa = PBXFileReference; lastKnownFileType = sourcecode.swift; path = Formatter.swift; sourceTree = "<group>"; };
		1910B08E26AD6585003AF35F /* MusicPlayerBottomView+SongInfoView.swift */ = {isa = PBXFileReference; lastKnownFileType = sourcecode.swift; path = "MusicPlayerBottomView+SongInfoView.swift"; sourceTree = "<group>"; };
		1920877526ABDED3006F8B11 /* ViewArrayBuilder.swift */ = {isa = PBXFileReference; lastKnownFileType = sourcecode.swift; path = ViewArrayBuilder.swift; sourceTree = "<group>"; };
		1920877D26ABE47B006F8B11 /* MusicPlayerBottomView.swift */ = {isa = PBXFileReference; lastKnownFileType = sourcecode.swift; path = MusicPlayerBottomView.swift; sourceTree = "<group>"; };
		1920877F26ABE487006F8B11 /* MusicPlayerTopView.swift */ = {isa = PBXFileReference; lastKnownFileType = sourcecode.swift; path = MusicPlayerTopView.swift; sourceTree = "<group>"; };
		1920878326ABE542006F8B11 /* MusicPlayerBottomViewModel.swift */ = {isa = PBXFileReference; lastKnownFileType = sourcecode.swift; path = MusicPlayerBottomViewModel.swift; sourceTree = "<group>"; };
		1920878526ABE54C006F8B11 /* MusicPlayerTopViewModel.swift */ = {isa = PBXFileReference; lastKnownFileType = sourcecode.swift; path = MusicPlayerTopViewModel.swift; sourceTree = "<group>"; };
		1921037E268F1E1E0063AA78 /* Bugs_Clone.app */ = {isa = PBXFileReference; explicitFileType = wrapper.application; includeInIndex = 0; path = Bugs_Clone.app; sourceTree = BUILT_PRODUCTS_DIR; };
		19210381268F1E1E0063AA78 /* AppDelegate.swift */ = {isa = PBXFileReference; lastKnownFileType = sourcecode.swift; path = AppDelegate.swift; sourceTree = "<group>"; };
		1921038A268F1E1F0063AA78 /* Assets.xcassets */ = {isa = PBXFileReference; lastKnownFileType = folder.assetcatalog; path = Assets.xcassets; sourceTree = "<group>"; };
		1921038D268F1E1F0063AA78 /* Base */ = {isa = PBXFileReference; lastKnownFileType = file.storyboard; name = Base; path = Base.lproj/LaunchScreen.storyboard; sourceTree = "<group>"; };
		1921038F268F1E1F0063AA78 /* Info.plist */ = {isa = PBXFileReference; lastKnownFileType = text.plist.xml; path = Info.plist; sourceTree = "<group>"; };
		19210398268F22180063AA78 /* MusicPlayerViewController.swift */ = {isa = PBXFileReference; lastKnownFileType = sourcecode.swift; path = MusicPlayerViewController.swift; sourceTree = "<group>"; };
		1921039A268F22220063AA78 /* MusicPlayerLyricView.swift */ = {isa = PBXFileReference; lastKnownFileType = sourcecode.swift; path = MusicPlayerLyricView.swift; sourceTree = "<group>"; };
		1921039C268F228F0063AA78 /* Music.swift */ = {isa = PBXFileReference; lastKnownFileType = sourcecode.swift; path = Music.swift; sourceTree = "<group>"; };
		1921039E268F6B6F0063AA78 /* MusicPlayerViewModel.swift */ = {isa = PBXFileReference; lastKnownFileType = sourcecode.swift; path = MusicPlayerViewModel.swift; sourceTree = "<group>"; };
		192103A5268F75AB0063AA78 /* UIView+.swift */ = {isa = PBXFileReference; lastKnownFileType = sourcecode.swift; path = "UIView+.swift"; sourceTree = "<group>"; };
		192103A9268F75E00063AA78 /* MusicPlayerLyricViewModel.swift */ = {isa = PBXFileReference; lastKnownFileType = sourcecode.swift; path = MusicPlayerLyricViewModel.swift; sourceTree = "<group>"; };
		192103AC269189E80063AA78 /* MusicAPIError.swift */ = {isa = PBXFileReference; lastKnownFileType = sourcecode.swift; path = MusicAPIError.swift; sourceTree = "<group>"; };
		192103AF26918C890063AA78 /* MusicPlayer.swift */ = {isa = PBXFileReference; lastKnownFileType = sourcecode.swift; path = MusicPlayer.swift; sourceTree = "<group>"; };
		192103B226918CFC0063AA78 /* Seekbar.swift */ = {isa = PBXFileReference; lastKnownFileType = sourcecode.swift; path = Seekbar.swift; sourceTree = "<group>"; };
		192103B426918D600063AA78 /* MusicControlView.swift */ = {isa = PBXFileReference; lastKnownFileType = sourcecode.swift; path = MusicControlView.swift; sourceTree = "<group>"; };
		192103B626918E6F0063AA78 /* RepeatControl.swift */ = {isa = PBXFileReference; lastKnownFileType = sourcecode.swift; path = RepeatControl.swift; sourceTree = "<group>"; };
		192103B826918E8B0063AA78 /* PrecedentControl.swift */ = {isa = PBXFileReference; lastKnownFileType = sourcecode.swift; path = PrecedentControl.swift; sourceTree = "<group>"; };
		192103BA26918E930063AA78 /* MusicControl.swift */ = {isa = PBXFileReference; lastKnownFileType = sourcecode.swift; path = MusicControl.swift; sourceTree = "<group>"; };
		192103BC269190810063AA78 /* PlayPauseControl.swift */ = {isa = PBXFileReference; lastKnownFileType = sourcecode.swift; path = PlayPauseControl.swift; sourceTree = "<group>"; };
		192103BE269190880063AA78 /* SubsequentControl.swift */ = {isa = PBXFileReference; lastKnownFileType = sourcecode.swift; path = SubsequentControl.swift; sourceTree = "<group>"; };
		192103C02691908D0063AA78 /* ShuffleControl.swift */ = {isa = PBXFileReference; lastKnownFileType = sourcecode.swift; path = ShuffleControl.swift; sourceTree = "<group>"; };
		192103C2269199C30063AA78 /* MusicAPIEnvironment.swift */ = {isa = PBXFileReference; lastKnownFileType = sourcecode.swift; path = MusicAPIEnvironment.swift; sourceTree = "<group>"; };
		192103C42691A2110063AA78 /* MusicAPI.swift */ = {isa = PBXFileReference; lastKnownFileType = sourcecode.swift; path = MusicAPI.swift; sourceTree = "<group>"; };
		196B9FA026BF8FE300CBA07B /* Log.swift */ = {isa = PBXFileReference; lastKnownFileType = sourcecode.swift; path = Log.swift; sourceTree = "<group>"; };
		196B9FA226BF97AE00CBA07B /* UIAlertController+.swift */ = {isa = PBXFileReference; lastKnownFileType = sourcecode.swift; path = "UIAlertController+.swift"; sourceTree = "<group>"; };
		196B9FA426BF9AB400CBA07B /* NavigationInteractable.swift */ = {isa = PBXFileReference; lastKnownFileType = sourcecode.swift; path = NavigationInteractable.swift; sourceTree = "<group>"; };
		196B9FA726BFCB5800CBA07B /* Lyrics.swift */ = {isa = PBXFileReference; lastKnownFileType = sourcecode.swift; path = Lyrics.swift; sourceTree = "<group>"; };
		19FB08BE26BFF2DB00683501 /* MusicPlayerRootUIInteractable.swift */ = {isa = PBXFileReference; lastKnownFileType = sourcecode.swift; path = MusicPlayerRootUIInteractable.swift; sourceTree = "<group>"; };
		19FB08C026BFF34600683501 /* MusicPlayerDisplayingInfo.swift */ = {isa = PBXFileReference; lastKnownFileType = sourcecode.swift; path = MusicPlayerDisplayingInfo.swift; sourceTree = "<group>"; };
		19FB08C226BFF80400683501 /* MusicInteractable.swift */ = {isa = PBXFileReference; lastKnownFileType = sourcecode.swift; path = MusicInteractable.swift; sourceTree = "<group>"; };
		19FB08C526C0044200683501 /* MusicPlayerLyricCell.swift */ = {isa = PBXFileReference; lastKnownFileType = sourcecode.swift; path = MusicPlayerLyricCell.swift; sourceTree = "<group>"; };
/* End PBXFileReference section */

/* Begin PBXFrameworksBuildPhase section */
		1921037B268F1E1E0063AA78 /* Frameworks */ = {
			isa = PBXFrameworksBuildPhase;
			buildActionMask = 2147483647;
			files = (
				19210397268F21230063AA78 /* SnapKit in Frameworks */,
				1920877926ABE201006F8B11 /* Then in Frameworks */,
			);
			runOnlyForDeploymentPostprocessing = 0;
		};
/* End PBXFrameworksBuildPhase section */

/* Begin PBXGroup section */
		1910B08B26AD6533003AF35F /* Main */ = {
			isa = PBXGroup;
			children = (
				19210398268F22180063AA78 /* MusicPlayerViewController.swift */,
				1921039E268F6B6F0063AA78 /* MusicPlayerViewModel.swift */,
				19FB08C026BFF34600683501 /* MusicPlayerDisplayingInfo.swift */,
				1910B08C26AD6544003AF35F /* Top */,
				1910B08D26AD654A003AF35F /* Bottom */,
			);
			path = Main;
			sourceTree = "<group>";
		};
		1910B08C26AD6544003AF35F /* Top */ = {
			isa = PBXGroup;
			children = (
				1920877F26ABE487006F8B11 /* MusicPlayerTopView.swift */,
				1920878526ABE54C006F8B11 /* MusicPlayerTopViewModel.swift */,
				19FB08C426C0043700683501 /* Lyric */,
			);
			path = Top;
			sourceTree = "<group>";
		};
		1910B08D26AD654A003AF35F /* Bottom */ = {
			isa = PBXGroup;
			children = (
				1920877D26ABE47B006F8B11 /* MusicPlayerBottomView.swift */,
				1920878326ABE542006F8B11 /* MusicPlayerBottomViewModel.swift */,
				1910B08E26AD6585003AF35F /* MusicPlayerBottomView+SongInfoView.swift */,
			);
			path = Bottom;
			sourceTree = "<group>";
		};
		19210375268F1E1E0063AA78 = {
			isa = PBXGroup;
			children = (
				19210380268F1E1E0063AA78 /* Bugs_Clone */,
				1921037F268F1E1E0063AA78 /* Products */,
			);
			sourceTree = "<group>";
		};
		1921037F268F1E1E0063AA78 /* Products */ = {
			isa = PBXGroup;
			children = (
				1921037E268F1E1E0063AA78 /* Bugs_Clone.app */,
			);
			name = Products;
			sourceTree = "<group>";
		};
		19210380268F1E1E0063AA78 /* Bugs_Clone */ = {
			isa = PBXGroup;
			children = (
				192103AB269189B20063AA78 /* Network */,
				19FB08BD26BFF28600683501 /* Interactable */,
				192103AE26918C750063AA78 /* Audio */,
				192103A8268F75D50063AA78 /* UI */,
				192103A7268F75CC0063AA78 /* Model */,
				196B9FA626BFC10100CBA07B /* Util */,
				192103A4268F75A40063AA78 /* Extension */,
				19FB08C726C0081800683501 /* Support */,
			);
			path = Bugs_Clone;
			sourceTree = "<group>";
		};
		192103A4268F75A40063AA78 /* Extension */ = {
			isa = PBXGroup;
			children = (
				192103A5268F75AB0063AA78 /* UIView+.swift */,
				190CDBB926B1560B00E9F71D /* Notification+.swift */,
				196B9FA226BF97AE00CBA07B /* UIAlertController+.swift */,
			);
			path = Extension;
			sourceTree = "<group>";
		};
		192103A7268F75CC0063AA78 /* Model */ = {
			isa = PBXGroup;
			children = (
				1921039C268F228F0063AA78 /* Music.swift */,
				196B9FA726BFCB5800CBA07B /* Lyrics.swift */,
			);
			path = Model;
			sourceTree = "<group>";
		};
		192103A8268F75D50063AA78 /* UI */ = {
			isa = PBXGroup;
			children = (
				1910B08B26AD6533003AF35F /* Main */,
				192103B126918CF30063AA78 /* Component */,
			);
			path = UI;
			sourceTree = "<group>";
		};
		192103AB269189B20063AA78 /* Network */ = {
			isa = PBXGroup;
			children = (
				192103AC269189E80063AA78 /* MusicAPIError.swift */,
				192103C2269199C30063AA78 /* MusicAPIEnvironment.swift */,
				192103C42691A2110063AA78 /* MusicAPI.swift */,
			);
			path = Network;
			sourceTree = "<group>";
		};
		192103AE26918C750063AA78 /* Audio */ = {
			isa = PBXGroup;
			children = (
				192103AF26918C890063AA78 /* MusicPlayer.swift */,
			);
			path = Audio;
			sourceTree = "<group>";
		};
		192103B126918CF30063AA78 /* Component */ = {
			isa = PBXGroup;
			children = (
				192103B226918CFC0063AA78 /* Seekbar.swift */,
				192103B426918D600063AA78 /* MusicControlView.swift */,
				192103BA26918E930063AA78 /* MusicControl.swift */,
				192103B626918E6F0063AA78 /* RepeatControl.swift */,
				192103B826918E8B0063AA78 /* PrecedentControl.swift */,
				192103BC269190810063AA78 /* PlayPauseControl.swift */,
				192103BE269190880063AA78 /* SubsequentControl.swift */,
				192103C02691908D0063AA78 /* ShuffleControl.swift */,
			);
			path = Component;
			sourceTree = "<group>";
		};
		196B9FA626BFC10100CBA07B /* Util */ = {
			isa = PBXGroup;
			children = (
				190CDBB726B14D5A00E9F71D /* DIContainer.swift */,
				1910B08926AD5AE6003AF35F /* Formatter.swift */,
				196B9FA026BF8FE300CBA07B /* Log.swift */,
				1920877526ABDED3006F8B11 /* ViewArrayBuilder.swift */,
			);
			path = Util;
			sourceTree = "<group>";
		};
		19FB08BD26BFF28600683501 /* Interactable */ = {
			isa = PBXGroup;
			children = (
				196B9FA426BF9AB400CBA07B /* NavigationInteractable.swift */,
				19FB08BE26BFF2DB00683501 /* MusicPlayerRootUIInteractable.swift */,
				19FB08C226BFF80400683501 /* MusicInteractable.swift */,
			);
			path = Interactable;
			sourceTree = "<group>";
		};
		19FB08C426C0043700683501 /* Lyric */ = {
			isa = PBXGroup;
			children = (
				1921039A268F22220063AA78 /* MusicPlayerLyricView.swift */,
				192103A9268F75E00063AA78 /* MusicPlayerLyricViewModel.swift */,
				19FB08C526C0044200683501 /* MusicPlayerLyricCell.swift */,
			);
			path = Lyric;
			sourceTree = "<group>";
		};
		19FB08C726C0081800683501 /* Support */ = {
			isa = PBXGroup;
			children = (
				19210381268F1E1E0063AA78 /* AppDelegate.swift */,
				1921038A268F1E1F0063AA78 /* Assets.xcassets */,
				1921038C268F1E1F0063AA78 /* LaunchScreen.storyboard */,
				1921038F268F1E1F0063AA78 /* Info.plist */,
			);
			path = Support;
			sourceTree = "<group>";
		};
/* End PBXGroup section */

/* Begin PBXNativeTarget section */
		1921037D268F1E1E0063AA78 /* Bugs_Clone */ = {
			isa = PBXNativeTarget;
			buildConfigurationList = 19210392268F1E1F0063AA78 /* Build configuration list for PBXNativeTarget "Bugs_Clone" */;
			buildPhases = (
				1921037A268F1E1E0063AA78 /* Sources */,
				1921037B268F1E1E0063AA78 /* Frameworks */,
				1921037C268F1E1E0063AA78 /* Resources */,
			);
			buildRules = (
			);
			dependencies = (
			);
			name = Bugs_Clone;
			packageProductDependencies = (
				19210396268F21230063AA78 /* SnapKit */,
				1920877826ABE201006F8B11 /* Then */,
			);
			productName = Flo_UIKit;
			productReference = 1921037E268F1E1E0063AA78 /* Bugs_Clone.app */;
			productType = "com.apple.product-type.application";
		};
/* End PBXNativeTarget section */

/* Begin PBXProject section */
		19210376268F1E1E0063AA78 /* Project object */ = {
			isa = PBXProject;
			attributes = {
				LastSwiftUpdateCheck = 1250;
				LastUpgradeCheck = 1250;
				TargetAttributes = {
					1921037D268F1E1E0063AA78 = {
						CreatedOnToolsVersion = 12.5.1;
					};
				};
			};
			buildConfigurationList = 19210379268F1E1E0063AA78 /* Build configuration list for PBXProject "Bugs_Clone" */;
			compatibilityVersion = "Xcode 9.3";
			developmentRegion = en;
			hasScannedForEncodings = 0;
			knownRegions = (
				en,
				Base,
			);
			mainGroup = 19210375268F1E1E0063AA78;
			packageReferences = (
				19210395268F21230063AA78 /* XCRemoteSwiftPackageReference "SnapKit" */,
				1920877726ABE201006F8B11 /* XCRemoteSwiftPackageReference "Then" */,
			);
			productRefGroup = 1921037F268F1E1E0063AA78 /* Products */;
			projectDirPath = "";
			projectRoot = "";
			targets = (
				1921037D268F1E1E0063AA78 /* Bugs_Clone */,
			);
		};
/* End PBXProject section */

/* Begin PBXResourcesBuildPhase section */
		1921037C268F1E1E0063AA78 /* Resources */ = {
			isa = PBXResourcesBuildPhase;
			buildActionMask = 2147483647;
			files = (
				1921038E268F1E1F0063AA78 /* LaunchScreen.storyboard in Resources */,
				1921038B268F1E1F0063AA78 /* Assets.xcassets in Resources */,
			);
			runOnlyForDeploymentPostprocessing = 0;
		};
/* End PBXResourcesBuildPhase section */

/* Begin PBXSourcesBuildPhase section */
		1921037A268F1E1E0063AA78 /* Sources */ = {
			isa = PBXSourcesBuildPhase;
			buildActionMask = 2147483647;
			files = (
				192103A6268F75AB0063AA78 /* UIView+.swift in Sources */,
				192103B526918D600063AA78 /* MusicControlView.swift in Sources */,
				1920877E26ABE47B006F8B11 /* MusicPlayerBottomView.swift in Sources */,
				1920877626ABDED3006F8B11 /* ViewArrayBuilder.swift in Sources */,
				192103BF269190880063AA78 /* SubsequentControl.swift in Sources */,
				192103B026918C890063AA78 /* MusicPlayer.swift in Sources */,
				192103BB26918E930063AA78 /* MusicControl.swift in Sources */,
				192103B926918E8B0063AA78 /* PrecedentControl.swift in Sources */,
				192103C52691A2110063AA78 /* MusicAPI.swift in Sources */,
				1920878026ABE487006F8B11 /* MusicPlayerTopView.swift in Sources */,
				192103AA268F75E00063AA78 /* MusicPlayerLyricViewModel.swift in Sources */,
				19FB08C126BFF34600683501 /* MusicPlayerDisplayingInfo.swift in Sources */,
				192103B726918E6F0063AA78 /* RepeatControl.swift in Sources */,
				192103BD269190810063AA78 /* PlayPauseControl.swift in Sources */,
				1920878626ABE54C006F8B11 /* MusicPlayerTopViewModel.swift in Sources */,
				196B9FA526BF9AB400CBA07B /* NavigationInteractable.swift in Sources */,
				19210399268F22180063AA78 /* MusicPlayerViewController.swift in Sources */,
				192103AD269189E80063AA78 /* MusicAPIError.swift in Sources */,
				19FB08C326BFF80400683501 /* MusicInteractable.swift in Sources */,
				1921039B268F22220063AA78 /* MusicPlayerLyricView.swift in Sources */,
				1910B08A26AD5AE6003AF35F /* Formatter.swift in Sources */,
				196B9FA326BF97AE00CBA07B /* UIAlertController+.swift in Sources */,
				1910B08F26AD6585003AF35F /* MusicPlayerBottomView+SongInfoView.swift in Sources */,
				19210382268F1E1E0063AA78 /* AppDelegate.swift in Sources */,
				190CDBBA26B1560B00E9F71D /* Notification+.swift in Sources */,
				192103B326918CFC0063AA78 /* Seekbar.swift in Sources */,
				192103C3269199C30063AA78 /* MusicAPIEnvironment.swift in Sources */,
				1920878426ABE542006F8B11 /* MusicPlayerBottomViewModel.swift in Sources */,
				192103C12691908D0063AA78 /* ShuffleControl.swift in Sources */,
				1921039D268F228F0063AA78 /* Music.swift in Sources */,
				19FB08C626C0044200683501 /* MusicPlayerLyricCell.swift in Sources */,
				190CDBB826B14D5A00E9F71D /* DIContainer.swift in Sources */,
				196B9FA826BFCB5800CBA07B /* Lyrics.swift in Sources */,
				1921039F268F6B6F0063AA78 /* MusicPlayerViewModel.swift in Sources */,
				196B9FA126BF8FE300CBA07B /* Log.swift in Sources */,
				19FB08BF26BFF2DB00683501 /* MusicPlayerRootUIInteractable.swift in Sources */,
			);
			runOnlyForDeploymentPostprocessing = 0;
		};
/* End PBXSourcesBuildPhase section */

/* Begin PBXVariantGroup section */
		1921038C268F1E1F0063AA78 /* LaunchScreen.storyboard */ = {
			isa = PBXVariantGroup;
			children = (
				1921038D268F1E1F0063AA78 /* Base */,
			);
			name = LaunchScreen.storyboard;
			sourceTree = "<group>";
		};
/* End PBXVariantGroup section */

/* Begin XCBuildConfiguration section */
		19210390268F1E1F0063AA78 /* Debug */ = {
			isa = XCBuildConfiguration;
			buildSettings = {
				ALWAYS_SEARCH_USER_PATHS = NO;
				CLANG_ANALYZER_NONNULL = YES;
				CLANG_ANALYZER_NUMBER_OBJECT_CONVERSION = YES_AGGRESSIVE;
				CLANG_CXX_LANGUAGE_STANDARD = "gnu++14";
				CLANG_CXX_LIBRARY = "libc++";
				CLANG_ENABLE_MODULES = YES;
				CLANG_ENABLE_OBJC_ARC = YES;
				CLANG_ENABLE_OBJC_WEAK = YES;
				CLANG_WARN_BLOCK_CAPTURE_AUTORELEASING = YES;
				CLANG_WARN_BOOL_CONVERSION = YES;
				CLANG_WARN_COMMA = YES;
				CLANG_WARN_CONSTANT_CONVERSION = YES;
				CLANG_WARN_DEPRECATED_OBJC_IMPLEMENTATIONS = YES;
				CLANG_WARN_DIRECT_OBJC_ISA_USAGE = YES_ERROR;
				CLANG_WARN_DOCUMENTATION_COMMENTS = YES;
				CLANG_WARN_EMPTY_BODY = YES;
				CLANG_WARN_ENUM_CONVERSION = YES;
				CLANG_WARN_INFINITE_RECURSION = YES;
				CLANG_WARN_INT_CONVERSION = YES;
				CLANG_WARN_NON_LITERAL_NULL_CONVERSION = YES;
				CLANG_WARN_OBJC_IMPLICIT_RETAIN_SELF = YES;
				CLANG_WARN_OBJC_LITERAL_CONVERSION = YES;
				CLANG_WARN_OBJC_ROOT_CLASS = YES_ERROR;
				CLANG_WARN_QUOTED_INCLUDE_IN_FRAMEWORK_HEADER = YES;
				CLANG_WARN_RANGE_LOOP_ANALYSIS = YES;
				CLANG_WARN_STRICT_PROTOTYPES = YES;
				CLANG_WARN_SUSPICIOUS_MOVE = YES;
				CLANG_WARN_UNGUARDED_AVAILABILITY = YES_AGGRESSIVE;
				CLANG_WARN_UNREACHABLE_CODE = YES;
				CLANG_WARN__DUPLICATE_METHOD_MATCH = YES;
				COPY_PHASE_STRIP = NO;
				DEBUG_INFORMATION_FORMAT = dwarf;
				ENABLE_STRICT_OBJC_MSGSEND = YES;
				ENABLE_TESTABILITY = YES;
				GCC_C_LANGUAGE_STANDARD = gnu11;
				GCC_DYNAMIC_NO_PIC = NO;
				GCC_NO_COMMON_BLOCKS = YES;
				GCC_OPTIMIZATION_LEVEL = 0;
				GCC_PREPROCESSOR_DEFINITIONS = (
					"DEBUG=1",
					"$(inherited)",
				);
				GCC_WARN_64_TO_32_BIT_CONVERSION = YES;
				GCC_WARN_ABOUT_RETURN_TYPE = YES_ERROR;
				GCC_WARN_UNDECLARED_SELECTOR = YES;
				GCC_WARN_UNINITIALIZED_AUTOS = YES_AGGRESSIVE;
				GCC_WARN_UNUSED_FUNCTION = YES;
				GCC_WARN_UNUSED_VARIABLE = YES;
				IPHONEOS_DEPLOYMENT_TARGET = 13.0;
				MTL_ENABLE_DEBUG_INFO = INCLUDE_SOURCE;
				MTL_FAST_MATH = YES;
				ONLY_ACTIVE_ARCH = YES;
				SDKROOT = iphoneos;
				SWIFT_ACTIVE_COMPILATION_CONDITIONS = DEBUG;
				SWIFT_OPTIMIZATION_LEVEL = "-Onone";
			};
			name = Debug;
		};
		19210391268F1E1F0063AA78 /* Release */ = {
			isa = XCBuildConfiguration;
			buildSettings = {
				ALWAYS_SEARCH_USER_PATHS = NO;
				CLANG_ANALYZER_NONNULL = YES;
				CLANG_ANALYZER_NUMBER_OBJECT_CONVERSION = YES_AGGRESSIVE;
				CLANG_CXX_LANGUAGE_STANDARD = "gnu++14";
				CLANG_CXX_LIBRARY = "libc++";
				CLANG_ENABLE_MODULES = YES;
				CLANG_ENABLE_OBJC_ARC = YES;
				CLANG_ENABLE_OBJC_WEAK = YES;
				CLANG_WARN_BLOCK_CAPTURE_AUTORELEASING = YES;
				CLANG_WARN_BOOL_CONVERSION = YES;
				CLANG_WARN_COMMA = YES;
				CLANG_WARN_CONSTANT_CONVERSION = YES;
				CLANG_WARN_DEPRECATED_OBJC_IMPLEMENTATIONS = YES;
				CLANG_WARN_DIRECT_OBJC_ISA_USAGE = YES_ERROR;
				CLANG_WARN_DOCUMENTATION_COMMENTS = YES;
				CLANG_WARN_EMPTY_BODY = YES;
				CLANG_WARN_ENUM_CONVERSION = YES;
				CLANG_WARN_INFINITE_RECURSION = YES;
				CLANG_WARN_INT_CONVERSION = YES;
				CLANG_WARN_NON_LITERAL_NULL_CONVERSION = YES;
				CLANG_WARN_OBJC_IMPLICIT_RETAIN_SELF = YES;
				CLANG_WARN_OBJC_LITERAL_CONVERSION = YES;
				CLANG_WARN_OBJC_ROOT_CLASS = YES_ERROR;
				CLANG_WARN_QUOTED_INCLUDE_IN_FRAMEWORK_HEADER = YES;
				CLANG_WARN_RANGE_LOOP_ANALYSIS = YES;
				CLANG_WARN_STRICT_PROTOTYPES = YES;
				CLANG_WARN_SUSPICIOUS_MOVE = YES;
				CLANG_WARN_UNGUARDED_AVAILABILITY = YES_AGGRESSIVE;
				CLANG_WARN_UNREACHABLE_CODE = YES;
				CLANG_WARN__DUPLICATE_METHOD_MATCH = YES;
				COPY_PHASE_STRIP = NO;
				DEBUG_INFORMATION_FORMAT = "dwarf-with-dsym";
				ENABLE_NS_ASSERTIONS = NO;
				ENABLE_STRICT_OBJC_MSGSEND = YES;
				GCC_C_LANGUAGE_STANDARD = gnu11;
				GCC_NO_COMMON_BLOCKS = YES;
				GCC_WARN_64_TO_32_BIT_CONVERSION = YES;
				GCC_WARN_ABOUT_RETURN_TYPE = YES_ERROR;
				GCC_WARN_UNDECLARED_SELECTOR = YES;
				GCC_WARN_UNINITIALIZED_AUTOS = YES_AGGRESSIVE;
				GCC_WARN_UNUSED_FUNCTION = YES;
				GCC_WARN_UNUSED_VARIABLE = YES;
				IPHONEOS_DEPLOYMENT_TARGET = 13.0;
				MTL_ENABLE_DEBUG_INFO = NO;
				MTL_FAST_MATH = YES;
				SDKROOT = iphoneos;
				SWIFT_COMPILATION_MODE = wholemodule;
				SWIFT_OPTIMIZATION_LEVEL = "-O";
				VALIDATE_PRODUCT = YES;
			};
			name = Release;
		};
		19210393268F1E1F0063AA78 /* Debug */ = {
			isa = XCBuildConfiguration;
			buildSettings = {
				ASSETCATALOG_COMPILER_APPICON_NAME = AppIcon;
				ASSETCATALOG_COMPILER_GLOBAL_ACCENT_COLOR_NAME = AccentColor;
				CODE_SIGN_STYLE = Automatic;
				DEVELOPMENT_TEAM = H79MF628K3;
				INFOPLIST_FILE = Bugs_Clone/Support/Info.plist;
				IPHONEOS_DEPLOYMENT_TARGET = 13.0;
				LD_RUNPATH_SEARCH_PATHS = (
					"$(inherited)",
					"@executable_path/Frameworks",
				);
				MARKETING_VERSION = 1.0.0;
				PRODUCT_BUNDLE_IDENTIFIER = "com.presto.Bugs-Clone";
				PRODUCT_NAME = "$(TARGET_NAME)";
				SWIFT_VERSION = 5.0;
				TARGETED_DEVICE_FAMILY = 1;
			};
			name = Debug;
		};
		19210394268F1E1F0063AA78 /* Release */ = {
			isa = XCBuildConfiguration;
			buildSettings = {
				ASSETCATALOG_COMPILER_APPICON_NAME = AppIcon;
				ASSETCATALOG_COMPILER_GLOBAL_ACCENT_COLOR_NAME = AccentColor;
				CODE_SIGN_STYLE = Automatic;
				DEVELOPMENT_TEAM = H79MF628K3;
				INFOPLIST_FILE = Bugs_Clone/Support/Info.plist;
				IPHONEOS_DEPLOYMENT_TARGET = 13.0;
				LD_RUNPATH_SEARCH_PATHS = (
					"$(inherited)",
					"@executable_path/Frameworks",
				);
				MARKETING_VERSION = 1.0.0;
				PRODUCT_BUNDLE_IDENTIFIER = "com.presto.Bugs-Clone";
				PRODUCT_NAME = "$(TARGET_NAME)";
				SWIFT_VERSION = 5.0;
				TARGETED_DEVICE_FAMILY = 1;
			};
			name = Release;
		};
/* End XCBuildConfiguration section */

/* Begin XCConfigurationList section */
		19210379268F1E1E0063AA78 /* Build configuration list for PBXProject "Bugs_Clone" */ = {
			isa = XCConfigurationList;
			buildConfigurations = (
				19210390268F1E1F0063AA78 /* Debug */,
				19210391268F1E1F0063AA78 /* Release */,
			);
			defaultConfigurationIsVisible = 0;
			defaultConfigurationName = Release;
		};
		19210392268F1E1F0063AA78 /* Build configuration list for PBXNativeTarget "Bugs_Clone" */ = {
			isa = XCConfigurationList;
			buildConfigurations = (
				19210393268F1E1F0063AA78 /* Debug */,
				19210394268F1E1F0063AA78 /* Release */,
			);
			defaultConfigurationIsVisible = 0;
			defaultConfigurationName = Release;
		};
/* End XCConfigurationList section */

/* Begin XCRemoteSwiftPackageReference section */
		1920877726ABE201006F8B11 /* XCRemoteSwiftPackageReference "Then" */ = {
			isa = XCRemoteSwiftPackageReference;
			repositoryURL = "https://github.com/devxoul/Then";
			requirement = {
				kind = upToNextMajorVersion;
				minimumVersion = 2.7.0;
			};
		};
		19210395268F21230063AA78 /* XCRemoteSwiftPackageReference "SnapKit" */ = {
			isa = XCRemoteSwiftPackageReference;
			repositoryURL = "https://github.com/SnapKit/SnapKit.git";
			requirement = {
				kind = upToNextMajorVersion;
				minimumVersion = 5.0.1;
			};
		};
/* End XCRemoteSwiftPackageReference section */

/* Begin XCSwiftPackageProductDependency section */
		1920877826ABE201006F8B11 /* Then */ = {
			isa = XCSwiftPackageProductDependency;
			package = 1920877726ABE201006F8B11 /* XCRemoteSwiftPackageReference "Then" */;
			productName = Then;
		};
		19210396268F21230063AA78 /* SnapKit */ = {
			isa = XCSwiftPackageProductDependency;
			package = 19210395268F21230063AA78 /* XCRemoteSwiftPackageReference "SnapKit" */;
			productName = SnapKit;
		};
/* End XCSwiftPackageProductDependency section */
	};
	rootObject = 19210376268F1E1E0063AA78 /* Project object */;
}
